
Microsoft Visual Studio Solution File, Format Version 12.00
# Visual Studio Version 16
VisualStudioVersion = 16.0.29424.173
MinimumVisualStudioVersion = 10.0.40219.1
Project("{FAE04EC0-301F-11D3-BF4B-00C04F79EFBC}") = "DATA", "DATA\DATA.csproj", "{B81DF2CC-09F6-49E7-8DB8-A6706EE25899}"
EndProject
Project("{FAE04EC0-301F-11D3-BF4B-00C04F79EFBC}") = "WebApi", "WebApi\WebApi.csproj", "{631C09DF-D55C-4147-BD92-5D287BCA23F6}"
EndProject
Global
	GlobalSection(SolutionConfigurationPlatforms) = preSolution
		Debug|Any CPU = Debug|Any CPU
		Release|Any CPU = Release|Any CPU
	EndGlobalSection
	GlobalSection(ProjectConfigurationPlatforms) = postSolution
		{B81DF2CC-09F6-49E7-8DB8-A6706EE25899}.Debug|Any CPU.ActiveCfg = Debug|Any CPU
		{B81DF2CC-09F6-49E7-8DB8-A6706EE25899}.Debug|Any CPU.Build.0 = Debug|Any CPU
		{B81DF2CC-09F6-49E7-8DB8-A6706EE25899}.Release|Any CPU.ActiveCfg = Release|Any CPU
		{B81DF2CC-09F6-49E7-8DB8-A6706EE25899}.Release|Any CPU.Build.0 = Release|Any CPU
		{631C09DF-D55C-4147-BD92-5D287BCA23F6}.Debug|Any CPU.ActiveCfg = Debug|Any CPU
		{631C09DF-D55C-4147-BD92-5D287BCA23F6}.Debug|Any CPU.Build.0 = Debug|Any CPU
		{631C09DF-D55C-4147-BD92-5D287BCA23F6}.Release|Any CPU.ActiveCfg = Release|Any CPU
		{631C09DF-D55C-4147-BD92-5D287BCA23F6}.Release|Any CPU.Build.0 = Release|Any CPU
	EndGlobalSection
	GlobalSection(SolutionProperties) = preSolution
		HideSolutionNode = FALSE
	EndGlobalSection
	GlobalSection(ExtensibilityGlobals) = postSolution
		SolutionGuid = {ACC287FB-8BEC-46B3-B1C2-9480329E28F1}
	EndGlobalSection
EndGlobal
